// !$*UTF8*$!
{
	archiveVersion = 1;
	classes = {
	};
	objectVersion = 56;
	objects = {

/* Begin PBXBuildFile section */
		8BFF93FD2C5CA93F0059D12E /* AppDelegate.swift in Sources */ = {isa = PBXBuildFile; fileRef = 8BFF93FC2C5CA93F0059D12E /* AppDelegate.swift */; };
		8BFF93FF2C5CA93F0059D12E /* SceneDelegate.swift in Sources */ = {isa = PBXBuildFile; fileRef = 8BFF93FE2C5CA93F0059D12E /* SceneDelegate.swift */; };
		8BFF94012C5CA93F0059D12E /* ViewController.swift in Sources */ = {isa = PBXBuildFile; fileRef = 8BFF94002C5CA93F0059D12E /* ViewController.swift */; };
		8BFF94062C5CA9410059D12E /* Assets.xcassets in Resources */ = {isa = PBXBuildFile; fileRef = 8BFF94052C5CA9410059D12E /* Assets.xcassets */; };
		8BFF94092C5CA9410059D12E /* Base in Resources */ = {isa = PBXBuildFile; fileRef = 8BFF94082C5CA9410059D12E /* Base */; };
		8BFF94142C5CAEE50059D12E /* Welcome.storyboard in Resources */ = {isa = PBXBuildFile; fileRef = 8BFF94132C5CAEE50059D12E /* Welcome.storyboard */; };
		8BFF94162C5EDCB40059D12E /* WelcomeViewController.swift in Sources */ = {isa = PBXBuildFile; fileRef = 8BFF94152C5EDCB40059D12E /* WelcomeViewController.swift */; };
		8BFF94182C5EDCD00059D12E /* LoginViewController.swift in Sources */ = {isa = PBXBuildFile; fileRef = 8BFF94172C5EDCD00059D12E /* LoginViewController.swift */; };
		8BFF941A2C5EDCE10059D12E /* RegisterViewController.swift in Sources */ = {isa = PBXBuildFile; fileRef = 8BFF94192C5EDCE10059D12E /* RegisterViewController.swift */; };
		8BFF941D2C5EEA0F0059D12E /* Home.storyboard in Resources */ = {isa = PBXBuildFile; fileRef = 8BFF941C2C5EEA0F0059D12E /* Home.storyboard */; };
		8BFF941F2C5F119E0059D12E /* Endpoints.swift in Sources */ = {isa = PBXBuildFile; fileRef = 8BFF941E2C5F119E0059D12E /* Endpoints.swift */; };
		8BFF94212C5F13270059D12E /* LoginRequest.swift in Sources */ = {isa = PBXBuildFile; fileRef = 8BFF94202C5F13270059D12E /* LoginRequest.swift */; };
		8BFF94232C5F135A0059D12E /* LoginResponse.swift in Sources */ = {isa = PBXBuildFile; fileRef = 8BFF94222C5F135A0059D12E /* LoginResponse.swift */; };
		8BFF94262C5F13950059D12E /* User.swift in Sources */ = {isa = PBXBuildFile; fileRef = 8BFF94252C5F13950059D12E /* User.swift */; };
		8BFF942A2C5F15790059D12E /* ErrorResponse.swift in Sources */ = {isa = PBXBuildFile; fileRef = 8BFF94292C5F15790059D12E /* ErrorResponse.swift */; };
		8BFF942C2C5F15A20059D12E /* GeneralResponse.swift in Sources */ = {isa = PBXBuildFile; fileRef = 8BFF942B2C5F15A20059D12E /* GeneralResponse.swift */; };
		8BFF942E2C5F15DF0059D12E /* RegisterRequest.swift in Sources */ = {isa = PBXBuildFile; fileRef = 8BFF942D2C5F15DF0059D12E /* RegisterRequest.swift */; };
		8BFF94302C5F16110059D12E /* PostRequest.swift in Sources */ = {isa = PBXBuildFile; fileRef = 8BFF942F2C5F16110059D12E /* PostRequest.swift */; };
		8BFF94322C5F164E0059D12E /* PostRequestLocation.swift in Sources */ = {isa = PBXBuildFile; fileRef = 8BFF94312C5F164E0059D12E /* PostRequestLocation.swift */; };
		8BFF94342C5F16850059D12E /* Post.swift in Sources */ = {isa = PBXBuildFile; fileRef = 8BFF94332C5F16850059D12E /* Post.swift */; };
		8BFF94362C5F16E90059D12E /* PostLocation.swift in Sources */ = {isa = PBXBuildFile; fileRef = 8BFF94352C5F16E90059D12E /* PostLocation.swift */; };
		8BFF94382C66E6780059D12E /* HomeViewController.swift in Sources */ = {isa = PBXBuildFile; fileRef = 8BFF94372C66E6780059D12E /* HomeViewController.swift */; };
		8BFF943C2C66E7B00059D12E /* TweetHomeTableViewCell.swift in Sources */ = {isa = PBXBuildFile; fileRef = 8BFF943A2C66E7B00059D12E /* TweetHomeTableViewCell.swift */; };
		8BFF943D2C66E7B00059D12E /* TweetHomeTableViewCell.xib in Resources */ = {isa = PBXBuildFile; fileRef = 8BFF943B2C66E7B00059D12E /* TweetHomeTableViewCell.xib */; };
		EDDB2C92AEA2878C8C1B1934 /* Pods_PlatziTweets.framework in Frameworks */ = {isa = PBXBuildFile; fileRef = 9C61A13FAE890D3C78597F1A /* Pods_PlatziTweets.framework */; };
/* End PBXBuildFile section */

/* Begin PBXFileReference section */
		8BFF93F92C5CA93F0059D12E /* PlatziTweets.app */ = {isa = PBXFileReference; explicitFileType = wrapper.application; includeInIndex = 0; path = PlatziTweets.app; sourceTree = BUILT_PRODUCTS_DIR; };
		8BFF93FC2C5CA93F0059D12E /* AppDelegate.swift */ = {isa = PBXFileReference; lastKnownFileType = sourcecode.swift; path = AppDelegate.swift; sourceTree = "<group>"; };
		8BFF93FE2C5CA93F0059D12E /* SceneDelegate.swift */ = {isa = PBXFileReference; lastKnownFileType = sourcecode.swift; path = SceneDelegate.swift; sourceTree = "<group>"; };
		8BFF94002C5CA93F0059D12E /* ViewController.swift */ = {isa = PBXFileReference; lastKnownFileType = sourcecode.swift; path = ViewController.swift; sourceTree = "<group>"; };
		8BFF94052C5CA9410059D12E /* Assets.xcassets */ = {isa = PBXFileReference; lastKnownFileType = folder.assetcatalog; path = Assets.xcassets; sourceTree = "<group>"; };
		8BFF94082C5CA9410059D12E /* Base */ = {isa = PBXFileReference; lastKnownFileType = file.storyboard; name = Base; path = Base.lproj/LaunchScreen.storyboard; sourceTree = "<group>"; };
		8BFF940A2C5CA9410059D12E /* Info.plist */ = {isa = PBXFileReference; lastKnownFileType = text.plist.xml; path = Info.plist; sourceTree = "<group>"; };
		8BFF94132C5CAEE50059D12E /* Welcome.storyboard */ = {isa = PBXFileReference; lastKnownFileType = file.storyboard; path = Welcome.storyboard; sourceTree = "<group>"; };
		8BFF94152C5EDCB40059D12E /* WelcomeViewController.swift */ = {isa = PBXFileReference; lastKnownFileType = sourcecode.swift; path = WelcomeViewController.swift; sourceTree = "<group>"; };
		8BFF94172C5EDCD00059D12E /* LoginViewController.swift */ = {isa = PBXFileReference; lastKnownFileType = sourcecode.swift; path = LoginViewController.swift; sourceTree = "<group>"; };
		8BFF94192C5EDCE10059D12E /* RegisterViewController.swift */ = {isa = PBXFileReference; lastKnownFileType = sourcecode.swift; path = RegisterViewController.swift; sourceTree = "<group>"; };
		8BFF941C2C5EEA0F0059D12E /* Home.storyboard */ = {isa = PBXFileReference; lastKnownFileType = file.storyboard; path = Home.storyboard; sourceTree = "<group>"; };
		8BFF941E2C5F119E0059D12E /* Endpoints.swift */ = {isa = PBXFileReference; lastKnownFileType = sourcecode.swift; path = Endpoints.swift; sourceTree = "<group>"; };
		8BFF94202C5F13270059D12E /* LoginRequest.swift */ = {isa = PBXFileReference; lastKnownFileType = sourcecode.swift; path = LoginRequest.swift; sourceTree = "<group>"; };
		8BFF94222C5F135A0059D12E /* LoginResponse.swift */ = {isa = PBXFileReference; lastKnownFileType = sourcecode.swift; path = LoginResponse.swift; sourceTree = "<group>"; };
		8BFF94252C5F13950059D12E /* User.swift */ = {isa = PBXFileReference; lastKnownFileType = sourcecode.swift; path = User.swift; sourceTree = "<group>"; };
		8BFF94292C5F15790059D12E /* ErrorResponse.swift */ = {isa = PBXFileReference; lastKnownFileType = sourcecode.swift; path = ErrorResponse.swift; sourceTree = "<group>"; };
		8BFF942B2C5F15A20059D12E /* GeneralResponse.swift */ = {isa = PBXFileReference; lastKnownFileType = sourcecode.swift; path = GeneralResponse.swift; sourceTree = "<group>"; };
		8BFF942D2C5F15DF0059D12E /* RegisterRequest.swift */ = {isa = PBXFileReference; lastKnownFileType = sourcecode.swift; path = RegisterRequest.swift; sourceTree = "<group>"; };
		8BFF942F2C5F16110059D12E /* PostRequest.swift */ = {isa = PBXFileReference; lastKnownFileType = sourcecode.swift; path = PostRequest.swift; sourceTree = "<group>"; };
		8BFF94312C5F164E0059D12E /* PostRequestLocation.swift */ = {isa = PBXFileReference; lastKnownFileType = sourcecode.swift; path = PostRequestLocation.swift; sourceTree = "<group>"; };
		8BFF94332C5F16850059D12E /* Post.swift */ = {isa = PBXFileReference; lastKnownFileType = sourcecode.swift; path = Post.swift; sourceTree = "<group>"; };
		8BFF94352C5F16E90059D12E /* PostLocation.swift */ = {isa = PBXFileReference; lastKnownFileType = sourcecode.swift; path = PostLocation.swift; sourceTree = "<group>"; };
		8BFF94372C66E6780059D12E /* HomeViewController.swift */ = {isa = PBXFileReference; lastKnownFileType = sourcecode.swift; path = HomeViewController.swift; sourceTree = "<group>"; };
		8BFF943A2C66E7B00059D12E /* TweetHomeTableViewCell.swift */ = {isa = PBXFileReference; lastKnownFileType = sourcecode.swift; path = TweetHomeTableViewCell.swift; sourceTree = "<group>"; };
		8BFF943B2C66E7B00059D12E /* TweetHomeTableViewCell.xib */ = {isa = PBXFileReference; lastKnownFileType = file.xib; path = TweetHomeTableViewCell.xib; sourceTree = "<group>"; };
		97E14E72534AB7B31C5D2147 /* Pods-PlatziTweets.debug.xcconfig */ = {isa = PBXFileReference; includeInIndex = 1; lastKnownFileType = text.xcconfig; name = "Pods-PlatziTweets.debug.xcconfig"; path = "Target Support Files/Pods-PlatziTweets/Pods-PlatziTweets.debug.xcconfig"; sourceTree = "<group>"; };
		9C61A13FAE890D3C78597F1A /* Pods_PlatziTweets.framework */ = {isa = PBXFileReference; explicitFileType = wrapper.framework; includeInIndex = 0; path = Pods_PlatziTweets.framework; sourceTree = BUILT_PRODUCTS_DIR; };
		E724E50A877C3BA13510F21B /* Pods-PlatziTweets.release.xcconfig */ = {isa = PBXFileReference; includeInIndex = 1; lastKnownFileType = text.xcconfig; name = "Pods-PlatziTweets.release.xcconfig"; path = "Target Support Files/Pods-PlatziTweets/Pods-PlatziTweets.release.xcconfig"; sourceTree = "<group>"; };
/* End PBXFileReference section */

/* Begin PBXFrameworksBuildPhase section */
		8BFF93F62C5CA93F0059D12E /* Frameworks */ = {
			isa = PBXFrameworksBuildPhase;
			buildActionMask = 2147483647;
			files = (
				EDDB2C92AEA2878C8C1B1934 /* Pods_PlatziTweets.framework in Frameworks */,
			);
			runOnlyForDeploymentPostprocessing = 0;
		};
/* End PBXFrameworksBuildPhase section */

/* Begin PBXGroup section */
		8BFF93F02C5CA93F0059D12E = {
			isa = PBXGroup;
			children = (
				8BFF93FB2C5CA93F0059D12E /* PlatziTweets */,
				8BFF93FA2C5CA93F0059D12E /* Products */,
				B030695BAE67DC04B6B07E23 /* Pods */,
				F8E4770C1979B9958FDDF64D /* Frameworks */,
			);
			sourceTree = "<group>";
		};
		8BFF93FA2C5CA93F0059D12E /* Products */ = {
			isa = PBXGroup;
			children = (
				8BFF93F92C5CA93F0059D12E /* PlatziTweets.app */,
			);
			name = Products;
			sourceTree = "<group>";
		};
		8BFF93FB2C5CA93F0059D12E /* PlatziTweets */ = {
			isa = PBXGroup;
			children = (
				8BFF94242C5F137E0059D12E /* Models */,
				8BFF94102C5CAE700059D12E /* Modules */,
				8BFF94112C5CAE790059D12E /* Commons */,
				8BFF940A2C5CA9410059D12E /* Info.plist */,
			);
			path = PlatziTweets;
			sourceTree = "<group>";
		};
		8BFF94102C5CAE700059D12E /* Modules */ = {
			isa = PBXGroup;
			children = (
				8BFF941B2C5EE9EE0059D12E /* Home */,
				8BFF94122C5CAECE0059D12E /* Welcome */,
			);
			path = Modules;
			sourceTree = "<group>";
		};
		8BFF94112C5CAE790059D12E /* Commons */ = {
			isa = PBXGroup;
			children = (
				8BFF93FC2C5CA93F0059D12E /* AppDelegate.swift */,
				8BFF93FE2C5CA93F0059D12E /* SceneDelegate.swift */,
				8BFF94002C5CA93F0059D12E /* ViewController.swift */,
				8BFF94052C5CA9410059D12E /* Assets.xcassets */,
				8BFF94072C5CA9410059D12E /* LaunchScreen.storyboard */,
				8BFF941E2C5F119E0059D12E /* Endpoints.swift */,
			);
			path = Commons;
			sourceTree = "<group>";
		};
		8BFF94122C5CAECE0059D12E /* Welcome */ = {
			isa = PBXGroup;
			children = (
				8BFF94132C5CAEE50059D12E /* Welcome.storyboard */,
				8BFF94152C5EDCB40059D12E /* WelcomeViewController.swift */,
				8BFF94172C5EDCD00059D12E /* LoginViewController.swift */,
				8BFF94192C5EDCE10059D12E /* RegisterViewController.swift */,
			);
			path = Welcome;
			sourceTree = "<group>";
		};
		8BFF941B2C5EE9EE0059D12E /* Home */ = {
			isa = PBXGroup;
			children = (
				8BFF94392C66E7730059D12E /* Cells */,
				8BFF941C2C5EEA0F0059D12E /* Home.storyboard */,
				8BFF94372C66E6780059D12E /* HomeViewController.swift */,
			);
			path = Home;
			sourceTree = "<group>";
		};
		8BFF94242C5F137E0059D12E /* Models */ = {
			isa = PBXGroup;
			children = (
				8BFF94282C5F15540059D12E /* Requests */,
				8BFF94272C5F154A0059D12E /* Responses */,
				8BFF94252C5F13950059D12E /* User.swift */,
				8BFF94332C5F16850059D12E /* Post.swift */,
				8BFF94352C5F16E90059D12E /* PostLocation.swift */,
			);
			path = Models;
			sourceTree = "<group>";
		};
		8BFF94272C5F154A0059D12E /* Responses */ = {
			isa = PBXGroup;
			children = (
				8BFF94222C5F135A0059D12E /* LoginResponse.swift */,
				8BFF94292C5F15790059D12E /* ErrorResponse.swift */,
				8BFF942B2C5F15A20059D12E /* GeneralResponse.swift */,
			);
			path = Responses;
			sourceTree = "<group>";
		};
		8BFF94282C5F15540059D12E /* Requests */ = {
			isa = PBXGroup;
			children = (
				8BFF94202C5F13270059D12E /* LoginRequest.swift */,
				8BFF942D2C5F15DF0059D12E /* RegisterRequest.swift */,
				8BFF942F2C5F16110059D12E /* PostRequest.swift */,
				8BFF94312C5F164E0059D12E /* PostRequestLocation.swift */,
			);
			path = Requests;
			sourceTree = "<group>";
		};
		8BFF94392C66E7730059D12E /* Cells */ = {
			isa = PBXGroup;
			children = (
				8BFF943A2C66E7B00059D12E /* TweetHomeTableViewCell.swift */,
				8BFF943B2C66E7B00059D12E /* TweetHomeTableViewCell.xib */,
			);
			path = Cells;
			sourceTree = "<group>";
		};
		B030695BAE67DC04B6B07E23 /* Pods */ = {
			isa = PBXGroup;
			children = (
				97E14E72534AB7B31C5D2147 /* Pods-PlatziTweets.debug.xcconfig */,
				E724E50A877C3BA13510F21B /* Pods-PlatziTweets.release.xcconfig */,
			);
			path = Pods;
			sourceTree = "<group>";
		};
		F8E4770C1979B9958FDDF64D /* Frameworks */ = {
			isa = PBXGroup;
			children = (
				9C61A13FAE890D3C78597F1A /* Pods_PlatziTweets.framework */,
			);
			name = Frameworks;
			sourceTree = "<group>";
		};
/* End PBXGroup section */

/* Begin PBXNativeTarget section */
		8BFF93F82C5CA93F0059D12E /* PlatziTweets */ = {
			isa = PBXNativeTarget;
			buildConfigurationList = 8BFF940D2C5CA9410059D12E /* Build configuration list for PBXNativeTarget "PlatziTweets" */;
			buildPhases = (
				05048B0F0F8A078D58D9E976 /* [CP] Check Pods Manifest.lock */,
				8BFF93F52C5CA93F0059D12E /* Sources */,
				8BFF93F62C5CA93F0059D12E /* Frameworks */,
				8BFF93F72C5CA93F0059D12E /* Resources */,
				4DBE127E5B09A972BE056698 /* [CP] Embed Pods Frameworks */,
			);
			buildRules = (
			);
			dependencies = (
			);
			name = PlatziTweets;
			productName = PlatziTweets;
			productReference = 8BFF93F92C5CA93F0059D12E /* PlatziTweets.app */;
			productType = "com.apple.product-type.application";
		};
/* End PBXNativeTarget section */

/* Begin PBXProject section */
		8BFF93F12C5CA93F0059D12E /* Project object */ = {
			isa = PBXProject;
			attributes = {
				BuildIndependentTargetsInParallel = 1;
				LastSwiftUpdateCheck = 1540;
				LastUpgradeCheck = 1540;
				TargetAttributes = {
					8BFF93F82C5CA93F0059D12E = {
						CreatedOnToolsVersion = 15.4;
					};
				};
			};
			buildConfigurationList = 8BFF93F42C5CA93F0059D12E /* Build configuration list for PBXProject "PlatziTweets" */;
			compatibilityVersion = "Xcode 14.0";
			developmentRegion = en;
			hasScannedForEncodings = 0;
			knownRegions = (
				en,
				Base,
			);
			mainGroup = 8BFF93F02C5CA93F0059D12E;
			productRefGroup = 8BFF93FA2C5CA93F0059D12E /* Products */;
			projectDirPath = "";
			projectRoot = "";
			targets = (
				8BFF93F82C5CA93F0059D12E /* PlatziTweets */,
			);
		};
/* End PBXProject section */

/* Begin PBXResourcesBuildPhase section */
		8BFF93F72C5CA93F0059D12E /* Resources */ = {
			isa = PBXResourcesBuildPhase;
			buildActionMask = 2147483647;
			files = (
				8BFF943D2C66E7B00059D12E /* TweetHomeTableViewCell.xib in Resources */,
				8BFF94062C5CA9410059D12E /* Assets.xcassets in Resources */,
				8BFF94092C5CA9410059D12E /* Base in Resources */,
				8BFF94142C5CAEE50059D12E /* Welcome.storyboard in Resources */,
				8BFF941D2C5EEA0F0059D12E /* Home.storyboard in Resources */,
			);
			runOnlyForDeploymentPostprocessing = 0;
		};
/* End PBXResourcesBuildPhase section */

/* Begin PBXShellScriptBuildPhase section */
		05048B0F0F8A078D58D9E976 /* [CP] Check Pods Manifest.lock */ = {
			isa = PBXShellScriptBuildPhase;
			buildActionMask = 2147483647;
			files = (
			);
			inputFileListPaths = (
			);
			inputPaths = (
				"${PODS_PODFILE_DIR_PATH}/Podfile.lock",
				"${PODS_ROOT}/Manifest.lock",
			);
			name = "[CP] Check Pods Manifest.lock";
			outputFileListPaths = (
			);
			outputPaths = (
				"$(DERIVED_FILE_DIR)/Pods-PlatziTweets-checkManifestLockResult.txt",
			);
			runOnlyForDeploymentPostprocessing = 0;
			shellPath = /bin/sh;
			shellScript = "diff \"${PODS_PODFILE_DIR_PATH}/Podfile.lock\" \"${PODS_ROOT}/Manifest.lock\" > /dev/null\nif [ $? != 0 ] ; then\n    # print error to STDERR\n    echo \"error: The sandbox is not in sync with the Podfile.lock. Run 'pod install' or update your CocoaPods installation.\" >&2\n    exit 1\nfi\n# This output is used by Xcode 'outputs' to avoid re-running this script phase.\necho \"SUCCESS\" > \"${SCRIPT_OUTPUT_FILE_0}\"\n";
			showEnvVarsInLog = 0;
		};
		4DBE127E5B09A972BE056698 /* [CP] Embed Pods Frameworks */ = {
			isa = PBXShellScriptBuildPhase;
			buildActionMask = 2147483647;
			files = (
			);
			inputFileListPaths = (
				"${PODS_ROOT}/Target Support Files/Pods-PlatziTweets/Pods-PlatziTweets-frameworks-${CONFIGURATION}-input-files.xcfilelist",
			);
			name = "[CP] Embed Pods Frameworks";
			outputFileListPaths = (
				"${PODS_ROOT}/Target Support Files/Pods-PlatziTweets/Pods-PlatziTweets-frameworks-${CONFIGURATION}-output-files.xcfilelist",
			);
			runOnlyForDeploymentPostprocessing = 0;
			shellPath = /bin/sh;
			shellScript = "\"${PODS_ROOT}/Target Support Files/Pods-PlatziTweets/Pods-PlatziTweets-frameworks.sh\"\n";
			showEnvVarsInLog = 0;
		};
/* End PBXShellScriptBuildPhase section */

/* Begin PBXSourcesBuildPhase section */
		8BFF93F52C5CA93F0059D12E /* Sources */ = {
			isa = PBXSourcesBuildPhase;
			buildActionMask = 2147483647;
			files = (
				8BFF94362C5F16E90059D12E /* PostLocation.swift in Sources */,
				8BFF94012C5CA93F0059D12E /* ViewController.swift in Sources */,
				8BFF94302C5F16110059D12E /* PostRequest.swift in Sources */,
				8BFF942C2C5F15A20059D12E /* GeneralResponse.swift in Sources */,
				8BFF94162C5EDCB40059D12E /* WelcomeViewController.swift in Sources */,
				8BFF94382C66E6780059D12E /* HomeViewController.swift in Sources */,
				8BFF94232C5F135A0059D12E /* LoginResponse.swift in Sources */,
				8BFF93FD2C5CA93F0059D12E /* AppDelegate.swift in Sources */,
				8BFF94322C5F164E0059D12E /* PostRequestLocation.swift in Sources */,
				8BFF941F2C5F119E0059D12E /* Endpoints.swift in Sources */,
				8BFF942E2C5F15DF0059D12E /* RegisterRequest.swift in Sources */,
				8BFF941A2C5EDCE10059D12E /* RegisterViewController.swift in Sources */,
				8BFF94182C5EDCD00059D12E /* LoginViewController.swift in Sources */,
				8BFF94342C5F16850059D12E /* Post.swift in Sources */,
				8BFF93FF2C5CA93F0059D12E /* SceneDelegate.swift in Sources */,
				8BFF942A2C5F15790059D12E /* ErrorResponse.swift in Sources */,
				8BFF94262C5F13950059D12E /* User.swift in Sources */,
				8BFF943C2C66E7B00059D12E /* TweetHomeTableViewCell.swift in Sources */,
				8BFF94212C5F13270059D12E /* LoginRequest.swift in Sources */,
			);
			runOnlyForDeploymentPostprocessing = 0;
		};
/* End PBXSourcesBuildPhase section */

/* Begin PBXVariantGroup section */
		8BFF94072C5CA9410059D12E /* LaunchScreen.storyboard */ = {
			isa = PBXVariantGroup;
			children = (
				8BFF94082C5CA9410059D12E /* Base */,
			);
			name = LaunchScreen.storyboard;
			sourceTree = "<group>";
		};
/* End PBXVariantGroup section */

/* Begin XCBuildConfiguration section */
		8BFF940B2C5CA9410059D12E /* Debug */ = {
			isa = XCBuildConfiguration;
			buildSettings = {
				ALWAYS_SEARCH_USER_PATHS = NO;
				ASSETCATALOG_COMPILER_GENERATE_SWIFT_ASSET_SYMBOL_EXTENSIONS = YES;
				CLANG_ANALYZER_NONNULL = YES;
				CLANG_ANALYZER_NUMBER_OBJECT_CONVERSION = YES_AGGRESSIVE;
				CLANG_CXX_LANGUAGE_STANDARD = "gnu++20";
				CLANG_ENABLE_MODULES = YES;
				CLANG_ENABLE_OBJC_ARC = YES;
				CLANG_ENABLE_OBJC_WEAK = YES;
				CLANG_WARN_BLOCK_CAPTURE_AUTORELEASING = YES;
				CLANG_WARN_BOOL_CONVERSION = YES;
				CLANG_WARN_COMMA = YES;
				CLANG_WARN_CONSTANT_CONVERSION = YES;
				CLANG_WARN_DEPRECATED_OBJC_IMPLEMENTATIONS = YES;
				CLANG_WARN_DIRECT_OBJC_ISA_USAGE = YES_ERROR;
				CLANG_WARN_DOCUMENTATION_COMMENTS = YES;
				CLANG_WARN_EMPTY_BODY = YES;
				CLANG_WARN_ENUM_CONVERSION = YES;
				CLANG_WARN_INFINITE_RECURSION = YES;
				CLANG_WARN_INT_CONVERSION = YES;
				CLANG_WARN_NON_LITERAL_NULL_CONVERSION = YES;
				CLANG_WARN_OBJC_IMPLICIT_RETAIN_SELF = YES;
				CLANG_WARN_OBJC_LITERAL_CONVERSION = YES;
				CLANG_WARN_OBJC_ROOT_CLASS = YES_ERROR;
				CLANG_WARN_QUOTED_INCLUDE_IN_FRAMEWORK_HEADER = YES;
				CLANG_WARN_RANGE_LOOP_ANALYSIS = YES;
				CLANG_WARN_STRICT_PROTOTYPES = YES;
				CLANG_WARN_SUSPICIOUS_MOVE = YES;
				CLANG_WARN_UNGUARDED_AVAILABILITY = YES_AGGRESSIVE;
				CLANG_WARN_UNREACHABLE_CODE = YES;
				CLANG_WARN__DUPLICATE_METHOD_MATCH = YES;
				COPY_PHASE_STRIP = NO;
				DEBUG_INFORMATION_FORMAT = dwarf;
				ENABLE_STRICT_OBJC_MSGSEND = YES;
				ENABLE_TESTABILITY = YES;
				ENABLE_USER_SCRIPT_SANDBOXING = YES;
				GCC_C_LANGUAGE_STANDARD = gnu17;
				GCC_DYNAMIC_NO_PIC = NO;
				GCC_NO_COMMON_BLOCKS = YES;
				GCC_OPTIMIZATION_LEVEL = 0;
				GCC_PREPROCESSOR_DEFINITIONS = (
					"DEBUG=1",
					"$(inherited)",
				);
				GCC_WARN_64_TO_32_BIT_CONVERSION = YES;
				GCC_WARN_ABOUT_RETURN_TYPE = YES_ERROR;
				GCC_WARN_UNDECLARED_SELECTOR = YES;
				GCC_WARN_UNINITIALIZED_AUTOS = YES_AGGRESSIVE;
				GCC_WARN_UNUSED_FUNCTION = YES;
				GCC_WARN_UNUSED_VARIABLE = YES;
				IPHONEOS_DEPLOYMENT_TARGET = 17.5;
				LOCALIZATION_PREFERS_STRING_CATALOGS = YES;
				MTL_ENABLE_DEBUG_INFO = INCLUDE_SOURCE;
				MTL_FAST_MATH = YES;
				ONLY_ACTIVE_ARCH = YES;
				SDKROOT = iphoneos;
				SWIFT_ACTIVE_COMPILATION_CONDITIONS = "DEBUG $(inherited)";
				SWIFT_OPTIMIZATION_LEVEL = "-Onone";
			};
			name = Debug;
		};
		8BFF940C2C5CA9410059D12E /* Release */ = {
			isa = XCBuildConfiguration;
			buildSettings = {
				ALWAYS_SEARCH_USER_PATHS = NO;
				ASSETCATALOG_COMPILER_GENERATE_SWIFT_ASSET_SYMBOL_EXTENSIONS = YES;
				CLANG_ANALYZER_NONNULL = YES;
				CLANG_ANALYZER_NUMBER_OBJECT_CONVERSION = YES_AGGRESSIVE;
				CLANG_CXX_LANGUAGE_STANDARD = "gnu++20";
				CLANG_ENABLE_MODULES = YES;
				CLANG_ENABLE_OBJC_ARC = YES;
				CLANG_ENABLE_OBJC_WEAK = YES;
				CLANG_WARN_BLOCK_CAPTURE_AUTORELEASING = YES;
				CLANG_WARN_BOOL_CONVERSION = YES;
				CLANG_WARN_COMMA = YES;
				CLANG_WARN_CONSTANT_CONVERSION = YES;
				CLANG_WARN_DEPRECATED_OBJC_IMPLEMENTATIONS = YES;
				CLANG_WARN_DIRECT_OBJC_ISA_USAGE = YES_ERROR;
				CLANG_WARN_DOCUMENTATION_COMMENTS = YES;
				CLANG_WARN_EMPTY_BODY = YES;
				CLANG_WARN_ENUM_CONVERSION = YES;
				CLANG_WARN_INFINITE_RECURSION = YES;
				CLANG_WARN_INT_CONVERSION = YES;
				CLANG_WARN_NON_LITERAL_NULL_CONVERSION = YES;
				CLANG_WARN_OBJC_IMPLICIT_RETAIN_SELF = YES;
				CLANG_WARN_OBJC_LITERAL_CONVERSION = YES;
				CLANG_WARN_OBJC_ROOT_CLASS = YES_ERROR;
				CLANG_WARN_QUOTED_INCLUDE_IN_FRAMEWORK_HEADER = YES;
				CLANG_WARN_RANGE_LOOP_ANALYSIS = YES;
				CLANG_WARN_STRICT_PROTOTYPES = YES;
				CLANG_WARN_SUSPICIOUS_MOVE = YES;
				CLANG_WARN_UNGUARDED_AVAILABILITY = YES_AGGRESSIVE;
				CLANG_WARN_UNREACHABLE_CODE = YES;
				CLANG_WARN__DUPLICATE_METHOD_MATCH = YES;
				COPY_PHASE_STRIP = NO;
				DEBUG_INFORMATION_FORMAT = "dwarf-with-dsym";
				ENABLE_NS_ASSERTIONS = NO;
				ENABLE_STRICT_OBJC_MSGSEND = YES;
				ENABLE_USER_SCRIPT_SANDBOXING = YES;
				GCC_C_LANGUAGE_STANDARD = gnu17;
				GCC_NO_COMMON_BLOCKS = YES;
				GCC_WARN_64_TO_32_BIT_CONVERSION = YES;
				GCC_WARN_ABOUT_RETURN_TYPE = YES_ERROR;
				GCC_WARN_UNDECLARED_SELECTOR = YES;
				GCC_WARN_UNINITIALIZED_AUTOS = YES_AGGRESSIVE;
				GCC_WARN_UNUSED_FUNCTION = YES;
				GCC_WARN_UNUSED_VARIABLE = YES;
				IPHONEOS_DEPLOYMENT_TARGET = 17.5;
				LOCALIZATION_PREFERS_STRING_CATALOGS = YES;
				MTL_ENABLE_DEBUG_INFO = NO;
				MTL_FAST_MATH = YES;
				SDKROOT = iphoneos;
				SWIFT_COMPILATION_MODE = wholemodule;
				VALIDATE_PRODUCT = YES;
			};
			name = Release;
		};
		8BFF940E2C5CA9410059D12E /* Debug */ = {
			isa = XCBuildConfiguration;
			baseConfigurationReference = 97E14E72534AB7B31C5D2147 /* Pods-PlatziTweets.debug.xcconfig */;
			buildSettings = {
				ASSETCATALOG_COMPILER_APPICON_NAME = AppIcon;
				ASSETCATALOG_COMPILER_GLOBAL_ACCENT_COLOR_NAME = AccentColor;
				CODE_SIGN_STYLE = Automatic;
				CURRENT_PROJECT_VERSION = 1;
				DEVELOPMENT_TEAM = XH6RTA62K4;
				ENABLE_USER_SCRIPT_SANDBOXING = NO;
				GENERATE_INFOPLIST_FILE = YES;
				INFOPLIST_FILE = PlatziTweets/Info.plist;
				INFOPLIST_KEY_UIApplicationSupportsIndirectInputEvents = YES;
				INFOPLIST_KEY_UILaunchStoryboardName = "";
				INFOPLIST_KEY_UIMainStoryboardFile = Welcome;
				INFOPLIST_KEY_UISupportedInterfaceOrientations = UIInterfaceOrientationPortrait;
				INFOPLIST_KEY_UISupportedInterfaceOrientations_iPad = "UIInterfaceOrientationLandscapeLeft UIInterfaceOrientationLandscapeRight UIInterfaceOrientationPortrait UIInterfaceOrientationPortraitUpsideDown";
				IPHONEOS_DEPLOYMENT_TARGET = 13.0;
				LD_RUNPATH_SEARCH_PATHS = (
					"$(inherited)",
					"@executable_path/Frameworks",
				);
				MARKETING_VERSION = 1.0;
				PRODUCT_BUNDLE_IDENTIFIER = com.lavozdelgeek.PlatziTweets;
				PRODUCT_NAME = "$(TARGET_NAME)";
				SUPPORTED_PLATFORMS = "iphoneos iphonesimulator";
				SUPPORTS_MACCATALYST = NO;
				SUPPORTS_MAC_DESIGNED_FOR_IPHONE_IPAD = NO;
				SUPPORTS_XR_DESIGNED_FOR_IPHONE_IPAD = NO;
				SWIFT_EMIT_LOC_STRINGS = YES;
				SWIFT_VERSION = 5.0;
				TARGETED_DEVICE_FAMILY = 1;
			};
			name = Debug;
		};
		8BFF940F2C5CA9410059D12E /* Release */ = {
			isa = XCBuildConfiguration;
			baseConfigurationReference = E724E50A877C3BA13510F21B /* Pods-PlatziTweets.release.xcconfig */;
			buildSettings = {
				ASSETCATALOG_COMPILER_APPICON_NAME = AppIcon;
				ASSETCATALOG_COMPILER_GLOBAL_ACCENT_COLOR_NAME = AccentColor;
				CODE_SIGN_STYLE = Automatic;
				CURRENT_PROJECT_VERSION = 1;
				DEVELOPMENT_TEAM = XH6RTA62K4;
				ENABLE_USER_SCRIPT_SANDBOXING = NO;
				GENERATE_INFOPLIST_FILE = YES;
				INFOPLIST_FILE = PlatziTweets/Info.plist;
				INFOPLIST_KEY_UIApplicationSupportsIndirectInputEvents = YES;
				INFOPLIST_KEY_UILaunchStoryboardName = "";
				INFOPLIST_KEY_UIMainStoryboardFile = Welcome;
				INFOPLIST_KEY_UISupportedInterfaceOrientations = UIInterfaceOrientationPortrait;
				INFOPLIST_KEY_UISupportedInterfaceOrientations_iPad = "UIInterfaceOrientationLandscapeLeft UIInterfaceOrientationLandscapeRight UIInterfaceOrientationPortrait UIInterfaceOrientationPortraitUpsideDown";
				IPHONEOS_DEPLOYMENT_TARGET = 13.0;
				LD_RUNPATH_SEARCH_PATHS = (
					"$(inherited)",
					"@executable_path/Frameworks",
				);
				MARKETING_VERSION = 1.0;
				PRODUCT_BUNDLE_IDENTIFIER = com.lavozdelgeek.PlatziTweets;
				PRODUCT_NAME = "$(TARGET_NAME)";
				SUPPORTED_PLATFORMS = "iphoneos iphonesimulator";
				SUPPORTS_MACCATALYST = NO;
				SUPPORTS_MAC_DESIGNED_FOR_IPHONE_IPAD = NO;
				SUPPORTS_XR_DESIGNED_FOR_IPHONE_IPAD = NO;
				SWIFT_EMIT_LOC_STRINGS = YES;
				SWIFT_VERSION = 5.0;
				TARGETED_DEVICE_FAMILY = 1;
			};
			name = Release;
		};
/* End XCBuildConfiguration section */

/* Begin XCConfigurationList section */
		8BFF93F42C5CA93F0059D12E /* Build configuration list for PBXProject "PlatziTweets" */ = {
			isa = XCConfigurationList;
			buildConfigurations = (
				8BFF940B2C5CA9410059D12E /* Debug */,
				8BFF940C2C5CA9410059D12E /* Release */,
			);
			defaultConfigurationIsVisible = 0;
			defaultConfigurationName = Release;
		};
		8BFF940D2C5CA9410059D12E /* Build configuration list for PBXNativeTarget "PlatziTweets" */ = {
			isa = XCConfigurationList;
			buildConfigurations = (
				8BFF940E2C5CA9410059D12E /* Debug */,
				8BFF940F2C5CA9410059D12E /* Release */,
			);
			defaultConfigurationIsVisible = 0;
			defaultConfigurationName = Release;
		};
/* End XCConfigurationList section */
	};
	rootObject = 8BFF93F12C5CA93F0059D12E /* Project object */;
}
